
Microsoft Visual Studio Solution File, Format Version 12.00
# Visual Studio Version 16
VisualStudioVersion = 16.0.31410.357
MinimumVisualStudioVersion = 10.0.40219.1
Project("{FAE04EC0-301F-11D3-BF4B-00C04F79EFBC}") = "VVuelos-BackEnd", "VVuelos\VVuelos-BackEnd.csproj", "{97632415-E4D7-4D74-A07F-310ED982C10F}"
EndProject
Project("{FAE04EC0-301F-11D3-BF4B-00C04F79EFBC}") = "DAL", "DAL\DAL.csproj", "{16F23C77-229A-4D54-A28D-86C8E0ACB4C6}"
EndProject
Project("{FAE04EC0-301F-11D3-BF4B-00C04F79EFBC}") = "BLL", "BLL\BLL.csproj", "{49BB692B-99F0-42B1-857F-20212248FD3F}"
EndProject
Project("{FAE04EC0-301F-11D3-BF4B-00C04F79EFBC}") = "VVuelos-FrontEnd", "VVuelos-FrontEnd\VVuelos-FrontEnd.csproj", "{C878B6CE-360A-466E-9934-C840BCCBDDE1}"
EndProject
Global
	GlobalSection(SolutionConfigurationPlatforms) = preSolution
		Debug|Any CPU = Debug|Any CPU
		Release|Any CPU = Release|Any CPU
	EndGlobalSection
	GlobalSection(ProjectConfigurationPlatforms) = postSolution
		{97632415-E4D7-4D74-A07F-310ED982C10F}.Debug|Any CPU.ActiveCfg = Debug|Any CPU
		{97632415-E4D7-4D74-A07F-310ED982C10F}.Debug|Any CPU.Build.0 = Debug|Any CPU
		{97632415-E4D7-4D74-A07F-310ED982C10F}.Release|Any CPU.ActiveCfg = Release|Any CPU
		{97632415-E4D7-4D74-A07F-310ED982C10F}.Release|Any CPU.Build.0 = Release|Any CPU
		{16F23C77-229A-4D54-A28D-86C8E0ACB4C6}.Debug|Any CPU.ActiveCfg = Debug|Any CPU
		{16F23C77-229A-4D54-A28D-86C8E0ACB4C6}.Debug|Any CPU.Build.0 = Debug|Any CPU
		{16F23C77-229A-4D54-A28D-86C8E0ACB4C6}.Release|Any CPU.ActiveCfg = Release|Any CPU
		{16F23C77-229A-4D54-A28D-86C8E0ACB4C6}.Release|Any CPU.Build.0 = Release|Any CPU
		{49BB692B-99F0-42B1-857F-20212248FD3F}.Debug|Any CPU.ActiveCfg = Debug|Any CPU
		{49BB692B-99F0-42B1-857F-20212248FD3F}.Debug|Any CPU.Build.0 = Debug|Any CPU
		{49BB692B-99F0-42B1-857F-20212248FD3F}.Release|Any CPU.ActiveCfg = Release|Any CPU
		{49BB692B-99F0-42B1-857F-20212248FD3F}.Release|Any CPU.Build.0 = Release|Any CPU
		{C878B6CE-360A-466E-9934-C840BCCBDDE1}.Debug|Any CPU.ActiveCfg = Debug|Any CPU
		{C878B6CE-360A-466E-9934-C840BCCBDDE1}.Debug|Any CPU.Build.0 = Debug|Any CPU
		{C878B6CE-360A-466E-9934-C840BCCBDDE1}.Release|Any CPU.ActiveCfg = Release|Any CPU
		{C878B6CE-360A-466E-9934-C840BCCBDDE1}.Release|Any CPU.Build.0 = Release|Any CPU
	EndGlobalSection
	GlobalSection(SolutionProperties) = preSolution
		HideSolutionNode = FALSE
	EndGlobalSection
	GlobalSection(ExtensibilityGlobals) = postSolution
		SolutionGuid = {99D2A437-1136-4255-AFF5-63B8A3E5B63A}
	EndGlobalSection
EndGlobal
